{
    "_readme": [
        "This file locks the dependencies of your project to a known state",
        "Read more about it at https://getcomposer.org/doc/01-basic-usage.md#composer-lock-the-lock-file",
        "This file is @generated automatically"
    ],
    "content-hash": "397ce543640a8071f08eab0cda7fbd50",
    "packages": [
        {
            "name": "jetbrains/phpstorm-stubs",
            "version": "v2019.3",
            "source": {
                "type": "git",
                "url": "https://github.com/JetBrains/phpstorm-stubs.git",
                "reference": "883b6facd78e01c0743b554af86fa590c2573f40"
            },
            "dist": {
                "type": "zip",
                "url": "https://api.github.com/repos/JetBrains/phpstorm-stubs/zipball/883b6facd78e01c0743b554af86fa590c2573f40",
                "reference": "883b6facd78e01c0743b554af86fa590c2573f40",
                "shasum": "",
                "mirrors": [
                    {
                        "url": "https://mirrors.aliyun.com/composer/dists/%package%/%reference%.%type%",
                        "preferred": true
                    }
                ]
            },
            "require-dev": {
                "nikic/php-parser": "^4",
                "php": "^7.1",
                "phpdocumentor/reflection-docblock": "^4.3",
                "phpunit/phpunit": "^7"
            },
            "type": "library",
            "autoload": {
                "files": [
                    "PhpStormStubsMap.php"
                ]
            },
            "notification-url": "https://packagist.org/downloads/",
            "license": [
                "Apache-2.0"
            ],
            "description": "PHP runtime & extensions header files for PhpStorm",
            "homepage": "https://www.jetbrains.com/phpstorm",
            "keywords": [
                "autocomplete",
                "code",
                "inference",
                "inspection",
                "jetbrains",
                "phpstorm",
                "stubs",
                "type"
            ],
            "time": "2019-12-05T16:56:26+00:00"
        },
        {
            "name": "nikic/php-parser",
            "version": "v4.10.4",
            "source": {
                "type": "git",
                "url": "https://github.com/nikic/PHP-Parser.git",
                "reference": "c6d052fc58cb876152f89f532b95a8d7907e7f0e"
            },
            "dist": {
                "type": "zip",
                "url": "https://api.github.com/repos/nikic/PHP-Parser/zipball/c6d052fc58cb876152f89f532b95a8d7907e7f0e",
                "reference": "c6d052fc58cb876152f89f532b95a8d7907e7f0e",
                "shasum": "",
                "mirrors": [
                    {
                        "url": "https://mirrors.aliyun.com/composer/dists/%package%/%reference%.%type%",
                        "preferred": true
                    }
                ]
            },
            "require": {
                "ext-tokenizer": "*",
                "php": ">=7.0"
            },
            "require-dev": {
                "ircmaxell/php-yacc": "^0.0.7",
                "phpunit/phpunit": "^6.5 || ^7.0 || ^8.0 || ^9.0"
            },
            "bin": [
                "bin/php-parse"
            ],
            "type": "library",
            "extra": {
                "branch-alias": {
                    "dev-master": "4.9-dev"
                }
            },
            "autoload": {
                "psr-4": {
                    "PhpParser\\": "lib/PhpParser"
                }
            },
            "notification-url": "https://packagist.org/downloads/",
            "license": [
                "BSD-3-Clause"
            ],
            "authors": [
                {
                    "name": "Nikita Popov"
                }
            ],
            "description": "A PHP parser written in PHP",
            "keywords": [
                "parser",
                "php"
            ],
            "time": "2020-12-20T10:01:03+00:00"
        },
        {
            "name": "phpdocumentor/reflection-common",
            "version": "2.2.0",
            "source": {
                "type": "git",
                "url": "https://github.com/phpDocumentor/ReflectionCommon.git",
                "reference": "1d01c49d4ed62f25aa84a747ad35d5a16924662b"
            },
            "dist": {
                "type": "zip",
                "url": "https://api.github.com/repos/phpDocumentor/ReflectionCommon/zipball/1d01c49d4ed62f25aa84a747ad35d5a16924662b",
                "reference": "1d01c49d4ed62f25aa84a747ad35d5a16924662b",
                "shasum": "",
                "mirrors": [
                    {
                        "url": "https://mirrors.aliyun.com/composer/dists/%package%/%reference%.%type%",
                        "preferred": true
                    }
                ]
            },
            "require": {
                "php": "^7.2 || ^8.0"
            },
            "type": "library",
            "extra": {
                "branch-alias": {
                    "dev-2.x": "2.x-dev"
                }
            },
            "autoload": {
                "psr-4": {
                    "phpDocumentor\\Reflection\\": "src/"
                }
            },
            "notification-url": "https://packagist.org/downloads/",
            "license": [
                "MIT"
            ],
            "authors": [
                {
                    "name": "Jaap van Otterdijk",
                    "email": "opensource@ijaap.nl"
                }
            ],
            "description": "Common reflection classes used by phpdocumentor to reflect the code structure",
            "homepage": "http://www.phpdoc.org",
            "keywords": [
                "FQSEN",
                "phpDocumentor",
                "phpdoc",
                "reflection",
                "static analysis"
            ],
            "time": "2020-06-27T09:03:43+00:00"
        },
        {
            "name": "phpdocumentor/reflection-docblock",
            "version": "5.2.2",
            "source": {
                "type": "git",
                "url": "https://github.com/phpDocumentor/ReflectionDocBlock.git",
                "reference": "069a785b2141f5bcf49f3e353548dc1cce6df556"
            },
            "dist": {
                "type": "zip",
                "url": "https://api.github.com/repos/phpDocumentor/ReflectionDocBlock/zipball/069a785b2141f5bcf49f3e353548dc1cce6df556",
                "reference": "069a785b2141f5bcf49f3e353548dc1cce6df556",
                "shasum": "",
                "mirrors": [
                    {
                        "url": "https://mirrors.aliyun.com/composer/dists/%package%/%reference%.%type%",
                        "preferred": true
                    }
                ]
            },
            "require": {
                "ext-filter": "*",
                "php": "^7.2 || ^8.0",
                "phpdocumentor/reflection-common": "^2.2",
                "phpdocumentor/type-resolver": "^1.3",
                "webmozart/assert": "^1.9.1"
            },
            "require-dev": {
                "mockery/mockery": "~1.3.2"
            },
            "type": "library",
            "extra": {
                "branch-alias": {
                    "dev-master": "5.x-dev"
                }
            },
            "autoload": {
                "psr-4": {
                    "phpDocumentor\\Reflection\\": "src"
                }
            },
            "notification-url": "https://packagist.org/downloads/",
            "license": [
                "MIT"
            ],
            "authors": [
                {
                    "name": "Mike van Riel",
                    "email": "me@mikevanriel.com"
                },
                {
                    "name": "Jaap van Otterdijk",
                    "email": "account@ijaap.nl"
                }
            ],
            "description": "With this component, a library can provide support for annotations via DocBlocks or otherwise retrieve information that is embedded in a DocBlock.",
            "time": "2020-09-03T19:13:55+00:00"
        },
        {
            "name": "phpdocumentor/type-resolver",
            "version": "1.4.0",
            "source": {
                "type": "git",
                "url": "https://github.com/phpDocumentor/TypeResolver.git",
                "reference": "6a467b8989322d92aa1c8bf2bebcc6e5c2ba55c0"
            },
            "dist": {
                "type": "zip",
                "url": "https://api.github.com/repos/phpDocumentor/TypeResolver/zipball/6a467b8989322d92aa1c8bf2bebcc6e5c2ba55c0",
                "reference": "6a467b8989322d92aa1c8bf2bebcc6e5c2ba55c0",
                "shasum": "",
                "mirrors": [
                    {
                        "url": "https://mirrors.aliyun.com/composer/dists/%package%/%reference%.%type%",
                        "preferred": true
                    }
                ]
            },
            "require": {
                "php": "^7.2 || ^8.0",
                "phpdocumentor/reflection-common": "^2.0"
            },
            "require-dev": {
                "ext-tokenizer": "*"
            },
            "type": "library",
            "extra": {
                "branch-alias": {
                    "dev-1.x": "1.x-dev"
                }
            },
            "autoload": {
                "psr-4": {
                    "phpDocumentor\\Reflection\\": "src"
                }
            },
            "notification-url": "https://packagist.org/downloads/",
            "license": [
                "MIT"
            ],
            "authors": [
                {
                    "name": "Mike van Riel",
                    "email": "me@mikevanriel.com"
                }
            ],
            "description": "A PSR-5 based resolver of Class names, Types and Structural Element Names",
            "time": "2020-09-17T18:55:26+00:00"
        },
        {
            "name": "roave/better-reflection",
            "version": "4.12.2",
            "source": {
                "type": "git",
                "url": "https://github.com/Roave/BetterReflection.git",
                "reference": "73c376c7245b2928837ed1e8bef446f57f1148a0"
            },
            "dist": {
                "type": "zip",
                "url": "https://api.github.com/repos/Roave/BetterReflection/zipball/73c376c7245b2928837ed1e8bef446f57f1148a0",
                "reference": "73c376c7245b2928837ed1e8bef446f57f1148a0",
                "shasum": "",
                "mirrors": [
                    {
                        "url": "https://mirrors.aliyun.com/composer/dists/%package%/%reference%.%type%",
                        "preferred": true
                    }
                ]
            },
            "require": {
                "ext-json": "*",
                "jetbrains/phpstorm-stubs": "2019.3",
                "nikic/php-parser": "^4.6.0",
                "php": ">=7.4.1,<7.5.0",
                "phpdocumentor/reflection-docblock": "^5.2.2",
                "phpdocumentor/type-resolver": "^1.4.0",
                "roave/signature": "^1.3"
            },
            "require-dev": {
                "doctrine/coding-standard": "^8.2.0",
                "infection/infection": "^0.20.0",
                "phpstan/phpstan": "0.12.25",
                "phpunit/phpunit": "^9.4.4",
                "roave/infection-static-analysis-plugin": "^1.2",
                "vimeo/psalm": "^4.2"
            },
            "suggest": {
                "composer/composer": "Required to use the ComposerSourceLocator"
            },
            "type": "library",
            "extra": {
                "branch-alias": {
                    "dev-master": "4.0-dev"
                }
            },
            "autoload": {
                "psr-4": {
                    "Roave\\BetterReflection\\": "src"
                }
            },
            "notification-url": "https://packagist.org/downloads/",
            "license": [
                "MIT"
            ],
            "authors": [
                {
                    "name": "James Titcumb",
                    "email": "james@asgrim.com",
                    "homepage": "https://github.com/asgrim"
                },
                {
                    "name": "Marco Pivetta",
                    "email": "ocramius@gmail.com",
                    "homepage": "https://ocramius.github.io/"
                },
                {
                    "name": "Gary Hockin",
                    "email": "gary@roave.com",
                    "homepage": "https://github.com/geeh"
                },
                {
                    "name": "Jaroslav Hanslík",
                    "email": "kukulich@kukulich.cz",
                    "homepage": "https://github.com/kukulich"
                }
            ],
            "description": "Better Reflection - an improved code reflection API",
            "time": "2020-12-17T17:48:54+00:00"
        },
        {
            "name": "roave/signature",
            "version": "1.3.0",
            "source": {
                "type": "git",
                "url": "https://github.com/Roave/Signature.git",
                "reference": "bbbcc317dfe3a750e27231c5d2130153aa4c41b3"
            },
            "dist": {
                "type": "zip",
                "url": "https://api.github.com/repos/Roave/Signature/zipball/bbbcc317dfe3a750e27231c5d2130153aa4c41b3",
                "reference": "bbbcc317dfe3a750e27231c5d2130153aa4c41b3",
                "shasum": "",
                "mirrors": [
                    {
                        "url": "https://mirrors.aliyun.com/composer/dists/%package%/%reference%.%type%",
                        "preferred": true
                    }
                ]
            },
            "require": {
                "php": "7.4.*"
            },
            "require-dev": {
                "doctrine/coding-standard": "^8.1",
                "infection/infection": "^0.17.5",
                "phpunit/phpunit": "^9.3",
                "vimeo/psalm": "^3.16"
            },
            "type": "library",
            "autoload": {
                "psr-4": {
                    "Roave\\Signature\\": "src"
                }
            },
            "notification-url": "https://packagist.org/downloads/",
            "license": [
                "MIT"
            ],
            "description": "Sign and verify stuff",
            "time": "2020-10-01T08:35:57+00:00"
        },
        {
            "name": "symfony/polyfill-ctype",
            "version": "v1.20.0",
            "source": {
                "type": "git",
                "url": "https://github.com/symfony/polyfill-ctype.git",
                "reference": "f4ba089a5b6366e453971d3aad5fe8e897b37f41"
            },
            "dist": {
                "type": "zip",
                "url": "https://api.github.com/repos/symfony/polyfill-ctype/zipball/f4ba089a5b6366e453971d3aad5fe8e897b37f41",
                "reference": "f4ba089a5b6366e453971d3aad5fe8e897b37f41",
                "shasum": "",
                "mirrors": [
                    {
                        "url": "https://mirrors.aliyun.com/composer/dists/%package%/%reference%.%type%",
                        "preferred": true
                    }
                ]
            },
            "require": {
                "php": ">=7.1"
            },
            "suggest": {
                "ext-ctype": "For best performance"
            },
            "type": "library",
            "extra": {
                "branch-alias": {
                    "dev-main": "1.20-dev"
                },
                "thanks": {
                    "name": "symfony/polyfill",
                    "url": "https://github.com/symfony/polyfill"
                }
            },
            "autoload": {
                "psr-4": {
                    "Symfony\\Polyfill\\Ctype\\": ""
                },
                "files": [
                    "bootstrap.php"
                ]
            },
            "notification-url": "https://packagist.org/downloads/",
            "license": [
                "MIT"
            ],
            "authors": [
                {
                    "name": "Gert de Pagter",
                    "email": "BackEndTea@gmail.com"
                },
                {
                    "name": "Symfony Community",
                    "homepage": "https://symfony.com/contributors"
                }
            ],
            "description": "Symfony polyfill for ctype functions",
            "homepage": "https://symfony.com",
            "keywords": [
                "compatibility",
                "ctype",
                "polyfill",
                "portable"
            ],
            "time": "2020-10-23T14:02:19+00:00"
        },
        {
            "name": "webmozart/assert",
            "version": "1.9.1",
            "source": {
                "type": "git",
                "url": "https://github.com/webmozart/assert.git",
                "reference": "bafc69caeb4d49c39fd0779086c03a3738cbb389"
            },
            "dist": {
                "type": "zip",
                "url": "https://api.github.com/repos/webmozart/assert/zipball/bafc69caeb4d49c39fd0779086c03a3738cbb389",
                "reference": "bafc69caeb4d49c39fd0779086c03a3738cbb389",
                "shasum": "",
                "mirrors": [
                    {
                        "url": "https://mirrors.aliyun.com/composer/dists/%package%/%reference%.%type%",
                        "preferred": true
                    }
                ]
            },
            "require": {
                "php": "^5.3.3 || ^7.0 || ^8.0",
                "symfony/polyfill-ctype": "^1.8"
            },
            "conflict": {
                "phpstan/phpstan": "<0.12.20",
                "vimeo/psalm": "<3.9.1"
            },
            "require-dev": {
                "phpunit/phpunit": "^4.8.36 || ^7.5.13"
            },
            "type": "library",
            "autoload": {
                "psr-4": {
                    "Webmozart\\Assert\\": "src/"
                }
            },
            "notification-url": "https://packagist.org/downloads/",
            "license": [
                "MIT"
            ],
            "authors": [
                {
                    "name": "Bernhard Schussek",
                    "email": "bschussek@gmail.com"
                }
            ],
            "description": "Assertions to validate method input/output with nice error messages.",
            "keywords": [
                "assert",
                "check",
                "validate"
            ],
            "time": "2020-07-08T17:02:28+00:00"
        }
    ],
    "packages-dev": [],
    "aliases": [],
    "minimum-stability": "stable",
    "stability-flags": [],
    "prefer-stable": false,
    "prefer-lowest": false,
    "platform": [],
    "platform-dev": []
}
